
Microsoft Visual Studio Solution File, Format Version 12.00
# Visual Studio Version 17
VisualStudioVersion = 17.7.34024.191
MinimumVisualStudioVersion = 10.0.40219.1
Project("{9A19103F-16F7-4668-BE54-9A1E7A4F7556}") = "FinderMod", "src\FinderMod.csproj", "{B00B5BD0-ED4F-4821-882A-337758422588}"
EndProject
Global
	GlobalSection(SolutionConfigurationPlatforms) = preSolution
		Debug|Any CPU = Debug|Any CPU
		Release|Any CPU = Release|Any CPU
	EndGlobalSection
	GlobalSection(ProjectConfigurationPlatforms) = postSolution
		{B00B5BD0-ED4F-4821-882A-337758422588}.Debug|Any CPU.ActiveCfg = Debug|Any CPU
		{B00B5BD0-ED4F-4821-882A-337758422588}.Debug|Any CPU.Build.0 = Debug|Any CPU
		{B00B5BD0-ED4F-4821-882A-337758422588}.Release|Any CPU.ActiveCfg = Release|Any CPU
		{B00B5BD0-ED4F-4821-882A-337758422588}.Release|Any CPU.Build.0 = Release|Any CPU
	EndGlobalSection
	GlobalSection(SolutionProperties) = preSolution
		HideSolutionNode = FALSE
	EndGlobalSection
	GlobalSection(ExtensibilityGlobals) = postSolution
		SolutionGuid = {63684967-6272-4C46-B8FD-73DC404A0F81}
	EndGlobalSection
EndGlobal
